
Microsoft Visual Studio Solution File, Format Version 12.00
# Visual Studio Version 17
VisualStudioVersion = 17.0.32112.339
MinimumVisualStudioVersion = 10.0.40219.1
Project("{FAE04EC0-301F-11D3-BF4B-00C04F79EFBC}") = "ErickaAmador_Ejercicio2_1400", "ErickaAmador_Ejercicio2_1400\ErickaAmador_Ejercicio2_1400.csproj", "{15EFD871-7855-4ECA-897C-5D0D7F05C760}"
EndProject
Global
	GlobalSection(SolutionConfigurationPlatforms) = preSolution
		Debug|Any CPU = Debug|Any CPU
		Release|Any CPU = Release|Any CPU
	EndGlobalSection
	GlobalSection(ProjectConfigurationPlatforms) = postSolution
		{15EFD871-7855-4ECA-897C-5D0D7F05C760}.Debug|Any CPU.ActiveCfg = Debug|Any CPU
		{15EFD871-7855-4ECA-897C-5D0D7F05C760}.Debug|Any CPU.Build.0 = Debug|Any CPU
		{15EFD871-7855-4ECA-897C-5D0D7F05C760}.Release|Any CPU.ActiveCfg = Release|Any CPU
		{15EFD871-7855-4ECA-897C-5D0D7F05C760}.Release|Any CPU.Build.0 = Release|Any CPU
	EndGlobalSection
	GlobalSection(SolutionProperties) = preSolution
		HideSolutionNode = FALSE
	EndGlobalSection
	GlobalSection(ExtensibilityGlobals) = postSolution
		SolutionGuid = {436DE66B-9A3B-4E96-B67C-A5E86A0DE5F8}
	EndGlobalSection
EndGlobal
